
Microsoft Visual Studio Solution File, Format Version 12.00
# Visual Studio Version 17
VisualStudioVersion = 17.1.32120.378
MinimumVisualStudioVersion = 10.0.40219.1
Project("{D954291E-2A0B-460D-934E-DC6B0785DB48}") = "msgPackDecoderUno.Shared", "msgPackDecoderUno\msgPackDecoderUno.Shared\msgPackDecoderUno.Shared.shproj", "{6279C845-92F8-4333-AB99-3D213163593C}"
EndProject
Project("{2150E333-8FDC-42A3-9474-1A3956D46DE8}") = "Platforms", "Platforms", "{D4B6BF36-B875-42A2-B34E-5320B18E1088}"
EndProject
Project("{FAE04EC0-301F-11D3-BF4B-00C04F79EFBC}") = "msgPackDecoderUno.UWP", "msgPackDecoderUno\msgPackDecoderUno.UWP\msgPackDecoderUno.UWP.csproj", "{F91A1258-7059-4012-8C83-0CCC6FB293E7}"
EndProject
Global
	GlobalSection(SharedMSBuildProjectFiles) = preSolution
		msgPackDecoderUno\msgPackDecoderUno.Shared\msgPackDecoderUno.Shared.projitems*{4d995be2-eddc-4932-ac53-fb3fbe08d460}*SharedItemsImports = 5
		msgPackDecoderUno\msgPackDecoderUno.Shared\msgPackDecoderUno.Shared.projitems*{6279c845-92f8-4333-ab99-3d213163593c}*SharedItemsImports = 13
		msgPackDecoderUno\msgPackDecoderUno.Shared\msgPackDecoderUno.Shared.projitems*{9a4fe43e-0023-4d47-aac4-46b7b323e09a}*SharedItemsImports = 5
		msgPackDecoderUno\msgPackDecoderUno.Shared\msgPackDecoderUno.Shared.projitems*{bcfe3524-cad8-4eb6-a082-f9750a74e98e}*SharedItemsImports = 5
		msgPackDecoderUno\msgPackDecoderUno.Shared\msgPackDecoderUno.Shared.projitems*{bd840220-3425-476c-a488-28a5cc1a90a3}*SharedItemsImports = 5
		msgPackDecoderUno\msgPackDecoderUno.Shared\msgPackDecoderUno.Shared.projitems*{f91a1258-7059-4012-8c83-0ccc6fb293e7}*SharedItemsImports = 4
	EndGlobalSection
	GlobalSection(SolutionConfigurationPlatforms) = preSolution
		Debug|Any CPU = Debug|Any CPU
		Debug|ARM = Debug|ARM
		Debug|ARM64 = Debug|ARM64
		Debug|x64 = Debug|x64
		Debug|x86 = Debug|x86
		Release|Any CPU = Release|Any CPU
		Release|ARM = Release|ARM
		Release|ARM64 = Release|ARM64
		Release|x64 = Release|x64
		Release|x86 = Release|x86
	EndGlobalSection
	GlobalSection(ProjectConfigurationPlatforms) = postSolution
		{4D995BE2-EDDC-4932-AC53-FB3FBE08D460}.Debug|Any CPU.ActiveCfg = Debug|Any CPU
		{4D995BE2-EDDC-4932-AC53-FB3FBE08D460}.Debug|Any CPU.Build.0 = Debug|Any CPU
		{4D995BE2-EDDC-4932-AC53-FB3FBE08D460}.Debug|Any CPU.Deploy.0 = Debug|Any CPU
		{4D995BE2-EDDC-4932-AC53-FB3FBE08D460}.Debug|ARM.ActiveCfg = Debug|Any CPU
		{4D995BE2-EDDC-4932-AC53-FB3FBE08D460}.Debug|ARM.Build.0 = Debug|Any CPU
		{4D995BE2-EDDC-4932-AC53-FB3FBE08D460}.Debug|ARM.Deploy.0 = Debug|Any CPU
		{4D995BE2-EDDC-4932-AC53-FB3FBE08D460}.Debug|ARM64.ActiveCfg = Debug|Any CPU
		{4D995BE2-EDDC-4932-AC53-FB3FBE08D460}.Debug|ARM64.Build.0 = Debug|Any CPU
		{4D995BE2-EDDC-4932-AC53-FB3FBE08D460}.Debug|ARM64.Deploy.0 = Debug|Any CPU
		{4D995BE2-EDDC-4932-AC53-FB3FBE08D460}.Debug|x64.ActiveCfg = Debug|Any CPU
		{4D995BE2-EDDC-4932-AC53-FB3FBE08D460}.Debug|x64.Build.0 = Debug|Any CPU
		{4D995BE2-EDDC-4932-AC53-FB3FBE08D460}.Debug|x64.Deploy.0 = Debug|Any CPU
		{4D995BE2-EDDC-4932-AC53-FB3FBE08D460}.Debug|x86.ActiveCfg = Debug|Any CPU
		{4D995BE2-EDDC-4932-AC53-FB3FBE08D460}.Debug|x86.Build.0 = Debug|Any CPU
		{4D995BE2-EDDC-4932-AC53-FB3FBE08D460}.Debug|x86.Deploy.0 = Debug|Any CPU
		{4D995BE2-EDDC-4932-AC53-FB3FBE08D460}.Release|Any CPU.ActiveCfg = Release|Any CPU
		{4D995BE2-EDDC-4932-AC53-FB3FBE08D460}.Release|Any CPU.Build.0 = Release|Any CPU
		{4D995BE2-EDDC-4932-AC53-FB3FBE08D460}.Release|Any CPU.Deploy.0 = Release|Any CPU
		{4D995BE2-EDDC-4932-AC53-FB3FBE08D460}.Release|ARM.ActiveCfg = Release|Any CPU
		{4D995BE2-EDDC-4932-AC53-FB3FBE08D460}.Release|ARM.Build.0 = Release|Any CPU
		{4D995BE2-EDDC-4932-AC53-FB3FBE08D460}.Release|ARM.Deploy.0 = Release|Any CPU
		{4D995BE2-EDDC-4932-AC53-FB3FBE08D460}.Release|ARM64.ActiveCfg = Release|Any CPU
		{4D995BE2-EDDC-4932-AC53-FB3FBE08D460}.Release|ARM64.Build.0 = Release|Any CPU
		{4D995BE2-EDDC-4932-AC53-FB3FBE08D460}.Release|ARM64.Deploy.0 = Release|Any CPU
		{4D995BE2-EDDC-4932-AC53-FB3FBE08D460}.Release|x64.ActiveCfg = Release|Any CPU
		{4D995BE2-EDDC-4932-AC53-FB3FBE08D460}.Release|x64.Build.0 = Release|Any CPU
		{4D995BE2-EDDC-4932-AC53-FB3FBE08D460}.Release|x64.Deploy.0 = Release|Any CPU
		{4D995BE2-EDDC-4932-AC53-FB3FBE08D460}.Release|x86.ActiveCfg = Release|Any CPU
		{4D995BE2-EDDC-4932-AC53-FB3FBE08D460}.Release|x86.Build.0 = Release|Any CPU
		{4D995BE2-EDDC-4932-AC53-FB3FBE08D460}.Release|x86.Deploy.0 = Release|Any CPU
		{F91A1258-7059-4012-8C83-0CCC6FB293E7}.Debug|Any CPU.ActiveCfg = Debug|x64
		{F91A1258-7059-4012-8C83-0CCC6FB293E7}.Debug|Any CPU.Build.0 = Debug|x64
		{F91A1258-7059-4012-8C83-0CCC6FB293E7}.Debug|Any CPU.Deploy.0 = Debug|x64
		{F91A1258-7059-4012-8C83-0CCC6FB293E7}.Debug|ARM.ActiveCfg = Debug|ARM
		{F91A1258-7059-4012-8C83-0CCC6FB293E7}.Debug|ARM.Build.0 = Debug|ARM
		{F91A1258-7059-4012-8C83-0CCC6FB293E7}.Debug|ARM.Deploy.0 = Debug|ARM
		{F91A1258-7059-4012-8C83-0CCC6FB293E7}.Debug|ARM64.ActiveCfg = Debug|ARM64
		{F91A1258-7059-4012-8C83-0CCC6FB293E7}.Debug|ARM64.Build.0 = Debug|ARM64
		{F91A1258-7059-4012-8C83-0CCC6FB293E7}.Debug|ARM64.Deploy.0 = Debug|ARM64
		{F91A1258-7059-4012-8C83-0CCC6FB293E7}.Debug|x64.ActiveCfg = Debug|x64
		{F91A1258-7059-4012-8C83-0CCC6FB293E7}.Debug|x64.Build.0 = Debug|x64
		{F91A1258-7059-4012-8C83-0CCC6FB293E7}.Debug|x64.Deploy.0 = Debug|x64
		{F91A1258-7059-4012-8C83-0CCC6FB293E7}.Debug|x86.ActiveCfg = Debug|x86
		{F91A1258-7059-4012-8C83-0CCC6FB293E7}.Debug|x86.Build.0 = Debug|x86
		{F91A1258-7059-4012-8C83-0CCC6FB293E7}.Debug|x86.Deploy.0 = Debug|x86
		{F91A1258-7059-4012-8C83-0CCC6FB293E7}.Release|Any CPU.ActiveCfg = Release|x64
		{F91A1258-7059-4012-8C83-0CCC6FB293E7}.Release|Any CPU.Build.0 = Release|x64
		{F91A1258-7059-4012-8C83-0CCC6FB293E7}.Release|Any CPU.Deploy.0 = Release|x64
		{F91A1258-7059-4012-8C83-0CCC6FB293E7}.Release|ARM.ActiveCfg = Release|ARM
		{F91A1258-7059-4012-8C83-0CCC6FB293E7}.Release|ARM.Build.0 = Release|ARM
		{F91A1258-7059-4012-8C83-0CCC6FB293E7}.Release|ARM.Deploy.0 = Release|ARM
		{F91A1258-7059-4012-8C83-0CCC6FB293E7}.Release|ARM64.ActiveCfg = Release|ARM64
		{F91A1258-7059-4012-8C83-0CCC6FB293E7}.Release|ARM64.Build.0 = Release|ARM64
		{F91A1258-7059-4012-8C83-0CCC6FB293E7}.Release|ARM64.Deploy.0 = Release|ARM64
		{F91A1258-7059-4012-8C83-0CCC6FB293E7}.Release|x64.ActiveCfg = Release|x64
		{F91A1258-7059-4012-8C83-0CCC6FB293E7}.Release|x64.Build.0 = Release|x64
		{F91A1258-7059-4012-8C83-0CCC6FB293E7}.Release|x64.Deploy.0 = Release|x64
		{F91A1258-7059-4012-8C83-0CCC6FB293E7}.Release|x86.ActiveCfg = Release|x86
		{F91A1258-7059-4012-8C83-0CCC6FB293E7}.Release|x86.Build.0 = Release|x86
		{F91A1258-7059-4012-8C83-0CCC6FB293E7}.Release|x86.Deploy.0 = Release|x86
		{BD840220-3425-476C-A488-28A5CC1A90A3}.Debug|Any CPU.ActiveCfg = Debug|Any CPU
		{BD840220-3425-476C-A488-28A5CC1A90A3}.Debug|Any CPU.Build.0 = Debug|Any CPU
		{BD840220-3425-476C-A488-28A5CC1A90A3}.Debug|ARM.ActiveCfg = Debug|Any CPU
		{BD840220-3425-476C-A488-28A5CC1A90A3}.Debug|ARM.Build.0 = Debug|Any CPU
		{BD840220-3425-476C-A488-28A5CC1A90A3}.Debug|ARM64.ActiveCfg = Debug|Any CPU
		{BD840220-3425-476C-A488-28A5CC1A90A3}.Debug|ARM64.Build.0 = Debug|Any CPU
		{BD840220-3425-476C-A488-28A5CC1A90A3}.Debug|x64.ActiveCfg = Debug|Any CPU
		{BD840220-3425-476C-A488-28A5CC1A90A3}.Debug|x64.Build.0 = Debug|Any CPU
		{BD840220-3425-476C-A488-28A5CC1A90A3}.Debug|x86.ActiveCfg = Debug|Any CPU
		{BD840220-3425-476C-A488-28A5CC1A90A3}.Debug|x86.Build.0 = Debug|Any CPU
		{BD840220-3425-476C-A488-28A5CC1A90A3}.Release|Any CPU.ActiveCfg = Release|Any CPU
		{BD840220-3425-476C-A488-28A5CC1A90A3}.Release|Any CPU.Build.0 = Release|Any CPU
		{BD840220-3425-476C-A488-28A5CC1A90A3}.Release|ARM.ActiveCfg = Release|Any CPU
		{BD840220-3425-476C-A488-28A5CC1A90A3}.Release|ARM.Build.0 = Release|Any CPU
		{BD840220-3425-476C-A488-28A5CC1A90A3}.Release|ARM64.ActiveCfg = Release|Any CPU
		{BD840220-3425-476C-A488-28A5CC1A90A3}.Release|ARM64.Build.0 = Release|Any CPU
		{BD840220-3425-476C-A488-28A5CC1A90A3}.Release|x64.ActiveCfg = Release|Any CPU
		{BD840220-3425-476C-A488-28A5CC1A90A3}.Release|x64.Build.0 = Release|Any CPU
		{BD840220-3425-476C-A488-28A5CC1A90A3}.Release|x86.ActiveCfg = Release|Any CPU
		{BD840220-3425-476C-A488-28A5CC1A90A3}.Release|x86.Build.0 = Release|Any CPU
		{51287F61-2BF0-4E61-AFF3-F21D8A3CC749}.Debug|Any CPU.ActiveCfg = Debug|Any CPU
		{51287F61-2BF0-4E61-AFF3-F21D8A3CC749}.Debug|Any CPU.Build.0 = Debug|Any CPU
		{51287F61-2BF0-4E61-AFF3-F21D8A3CC749}.Debug|ARM.ActiveCfg = Debug|Any CPU
		{51287F61-2BF0-4E61-AFF3-F21D8A3CC749}.Debug|ARM.Build.0 = Debug|Any CPU
		{51287F61-2BF0-4E61-AFF3-F21D8A3CC749}.Debug|ARM64.ActiveCfg = Debug|Any CPU
		{51287F61-2BF0-4E61-AFF3-F21D8A3CC749}.Debug|ARM64.Build.0 = Debug|Any CPU
		{51287F61-2BF0-4E61-AFF3-F21D8A3CC749}.Debug|x64.ActiveCfg = Debug|Any CPU
		{51287F61-2BF0-4E61-AFF3-F21D8A3CC749}.Debug|x64.Build.0 = Debug|Any CPU
		{51287F61-2BF0-4E61-AFF3-F21D8A3CC749}.Debug|x86.ActiveCfg = Debug|Any CPU
		{51287F61-2BF0-4E61-AFF3-F21D8A3CC749}.Debug|x86.Build.0 = Debug|Any CPU
		{51287F61-2BF0-4E61-AFF3-F21D8A3CC749}.Release|Any CPU.ActiveCfg = Release|Any CPU
		{51287F61-2BF0-4E61-AFF3-F21D8A3CC749}.Release|Any CPU.Build.0 = Release|Any CPU
		{51287F61-2BF0-4E61-AFF3-F21D8A3CC749}.Release|ARM.ActiveCfg = Release|Any CPU
		{51287F61-2BF0-4E61-AFF3-F21D8A3CC749}.Release|ARM.Build.0 = Release|Any CPU
		{51287F61-2BF0-4E61-AFF3-F21D8A3CC749}.Release|ARM64.ActiveCfg = Release|Any CPU
		{51287F61-2BF0-4E61-AFF3-F21D8A3CC749}.Release|ARM64.Build.0 = Release|Any CPU
		{51287F61-2BF0-4E61-AFF3-F21D8A3CC749}.Release|x64.ActiveCfg = Release|Any CPU
		{51287F61-2BF0-4E61-AFF3-F21D8A3CC749}.Release|x64.Build.0 = Release|Any CPU
		{51287F61-2BF0-4E61-AFF3-F21D8A3CC749}.Release|x86.ActiveCfg = Release|Any CPU
		{51287F61-2BF0-4E61-AFF3-F21D8A3CC749}.Release|x86.Build.0 = Release|Any CPU
		{BCFE3524-CAD8-4EB6-A082-F9750A74E98E}.Debug|Any CPU.ActiveCfg = Debug|Any CPU
		{BCFE3524-CAD8-4EB6-A082-F9750A74E98E}.Debug|Any CPU.Build.0 = Debug|Any CPU
		{BCFE3524-CAD8-4EB6-A082-F9750A74E98E}.Debug|ARM.ActiveCfg = Debug|Any CPU
		{BCFE3524-CAD8-4EB6-A082-F9750A74E98E}.Debug|ARM.Build.0 = Debug|Any CPU
		{BCFE3524-CAD8-4EB6-A082-F9750A74E98E}.Debug|ARM64.ActiveCfg = Debug|Any CPU
		{BCFE3524-CAD8-4EB6-A082-F9750A74E98E}.Debug|ARM64.Build.0 = Debug|Any CPU
		{BCFE3524-CAD8-4EB6-A082-F9750A74E98E}.Debug|x64.ActiveCfg = Debug|Any CPU
		{BCFE3524-CAD8-4EB6-A082-F9750A74E98E}.Debug|x64.Build.0 = Debug|Any CPU
		{BCFE3524-CAD8-4EB6-A082-F9750A74E98E}.Debug|x86.ActiveCfg = Debug|Any CPU
		{BCFE3524-CAD8-4EB6-A082-F9750A74E98E}.Debug|x86.Build.0 = Debug|Any CPU
		{BCFE3524-CAD8-4EB6-A082-F9750A74E98E}.Release|Any CPU.ActiveCfg = Release|Any CPU
		{BCFE3524-CAD8-4EB6-A082-F9750A74E98E}.Release|Any CPU.Build.0 = Release|Any CPU
		{BCFE3524-CAD8-4EB6-A082-F9750A74E98E}.Release|ARM.ActiveCfg = Release|Any CPU
		{BCFE3524-CAD8-4EB6-A082-F9750A74E98E}.Release|ARM.Build.0 = Release|Any CPU
		{BCFE3524-CAD8-4EB6-A082-F9750A74E98E}.Release|ARM64.ActiveCfg = Release|Any CPU
		{BCFE3524-CAD8-4EB6-A082-F9750A74E98E}.Release|ARM64.Build.0 = Release|Any CPU
		{BCFE3524-CAD8-4EB6-A082-F9750A74E98E}.Release|x64.ActiveCfg = Release|Any CPU
		{BCFE3524-CAD8-4EB6-A082-F9750A74E98E}.Release|x64.Build.0 = Release|Any CPU
		{BCFE3524-CAD8-4EB6-A082-F9750A74E98E}.Release|x86.ActiveCfg = Release|Any CPU
		{BCFE3524-CAD8-4EB6-A082-F9750A74E98E}.Release|x86.Build.0 = Release|Any CPU
		{9A4FE43E-0023-4D47-AAC4-46B7B323E09A}.Debug|Any CPU.ActiveCfg = Debug|Any CPU
		{9A4FE43E-0023-4D47-AAC4-46B7B323E09A}.Debug|Any CPU.Build.0 = Debug|Any CPU
		{9A4FE43E-0023-4D47-AAC4-46B7B323E09A}.Debug|ARM.ActiveCfg = Debug|Any CPU
		{9A4FE43E-0023-4D47-AAC4-46B7B323E09A}.Debug|ARM.Build.0 = Debug|Any CPU
		{9A4FE43E-0023-4D47-AAC4-46B7B323E09A}.Debug|ARM64.ActiveCfg = Debug|Any CPU
		{9A4FE43E-0023-4D47-AAC4-46B7B323E09A}.Debug|ARM64.Build.0 = Debug|Any CPU
		{9A4FE43E-0023-4D47-AAC4-46B7B323E09A}.Debug|x64.ActiveCfg = Debug|Any CPU
		{9A4FE43E-0023-4D47-AAC4-46B7B323E09A}.Debug|x64.Build.0 = Debug|Any CPU
		{9A4FE43E-0023-4D47-AAC4-46B7B323E09A}.Debug|x86.ActiveCfg = Debug|Any CPU
		{9A4FE43E-0023-4D47-AAC4-46B7B323E09A}.Debug|x86.Build.0 = Debug|Any CPU
		{9A4FE43E-0023-4D47-AAC4-46B7B323E09A}.Release|Any CPU.ActiveCfg = Release|Any CPU
		{9A4FE43E-0023-4D47-AAC4-46B7B323E09A}.Release|Any CPU.Build.0 = Release|Any CPU
		{9A4FE43E-0023-4D47-AAC4-46B7B323E09A}.Release|ARM.ActiveCfg = Release|Any CPU
		{9A4FE43E-0023-4D47-AAC4-46B7B323E09A}.Release|ARM.Build.0 = Release|Any CPU
		{9A4FE43E-0023-4D47-AAC4-46B7B323E09A}.Release|ARM64.ActiveCfg = Release|Any CPU
		{9A4FE43E-0023-4D47-AAC4-46B7B323E09A}.Release|ARM64.Build.0 = Release|Any CPU
		{9A4FE43E-0023-4D47-AAC4-46B7B323E09A}.Release|x64.ActiveCfg = Release|Any CPU
		{9A4FE43E-0023-4D47-AAC4-46B7B323E09A}.Release|x64.Build.0 = Release|Any CPU
		{9A4FE43E-0023-4D47-AAC4-46B7B323E09A}.Release|x86.ActiveCfg = Release|Any CPU
		{9A4FE43E-0023-4D47-AAC4-46B7B323E09A}.Release|x86.Build.0 = Release|Any CPU
	EndGlobalSection
	GlobalSection(SolutionProperties) = preSolution
		HideSolutionNode = FALSE
	EndGlobalSection
	GlobalSection(NestedProjects) = preSolution
		{4D995BE2-EDDC-4932-AC53-FB3FBE08D460} = {D4B6BF36-B875-42A2-B34E-5320B18E1088}
		{F91A1258-7059-4012-8C83-0CCC6FB293E7} = {D4B6BF36-B875-42A2-B34E-5320B18E1088}
		{BD840220-3425-476C-A488-28A5CC1A90A3} = {D4B6BF36-B875-42A2-B34E-5320B18E1088}
		{51287F61-2BF0-4E61-AFF3-F21D8A3CC749} = {D4B6BF36-B875-42A2-B34E-5320B18E1088}
		{BCFE3524-CAD8-4EB6-A082-F9750A74E98E} = {D4B6BF36-B875-42A2-B34E-5320B18E1088}
		{9A4FE43E-0023-4D47-AAC4-46B7B323E09A} = {D4B6BF36-B875-42A2-B34E-5320B18E1088}
	EndGlobalSection
	GlobalSection(ExtensibilityGlobals) = postSolution
		SolutionGuid = {37E36B5E-EE6A-4F79-9DF1-A4E05DBEF624}
	EndGlobalSection
EndGlobal
